{
  "version": 4,
  "terraform_version": "1.14.5",
  "serial": 6,
  "lineage": "a85d65f0-436f-8858-13bc-c037f1376835",
  "outputs": {
    "jenkins_url": {
      "value": "http://localhost:8081",
      "type": "string"
    }
  },
  "resources": [
    {
      "mode": "managed",
      "type": "docker_image",
      "name": "jenkins",
      "provider": "provider[\"registry.terraform.io/kreuzwerker/docker\"]",
      "instances": [
        {
          "schema_version": 0,
          "attributes": {
            "build": [],
            "force_remove": null,
            "id": "sha256:7004d07dbcdc5439fdad8853acdb029c5e3ab7a3d8190184fbf89bec66786c02jenkins/jenkins:lts",
            "image_id": "sha256:7004d07dbcdc5439fdad8853acdb029c5e3ab7a3d8190184fbf89bec66786c02",
            "keep_locally": null,
            "name": "jenkins/jenkins:lts",
            "platform": null,
            "pull_triggers": null,
            "repo_digest": "jenkins/jenkins@sha256:7004d07dbcdc5439fdad8853acdb029c5e3ab7a3d8190184fbf89bec66786c02",
            "timeouts": null,
            "triggers": null
          },
          "sensitive_attributes": [],
          "identity_schema_version": 0,
          "private": "eyJlMmJmYjczMC1lY2FhLTExZTYtOGY4OC0zNDM2M2JjN2M0YzAiOnsiY3JlYXRlIjoxMjAwMDAwMDAwMDAwLCJkZWxldGUiOjEyMDAwMDAwMDAwMDAsInVwZGF0ZSI6MTIwMDAwMDAwMDAwMH19"
        }
      ]
    },
    {
      "mode": "managed",
      "type": "docker_network",
      "name": "devops_network",
      "provider": "provider[\"registry.terraform.io/kreuzwerker/docker\"]",
      "instances": [
        {
          "schema_version": 1,
          "attributes": {
            "attachable": false,
            "check_duplicate": null,
            "driver": "bridge",
            "id": "f09b7320e755099f3f6bdef8afe357b3f8b973f42d74da72a3da290aa2079ba4",
            "ingress": false,
            "internal": false,
            "ipam_config": [
              {
                "aux_address": {},
                "gateway": "172.22.0.1",
                "ip_range": "",
                "subnet": "172.22.0.0/16"
              }
            ],
            "ipam_driver": "default",
            "ipam_options": {},
            "ipv6": false,
            "labels": [],
            "name": "devops-network",
            "options": {
              "com.docker.network.enable_ipv4": "true",
              "com.docker.network.enable_ipv6": "false"
            },
            "scope": "local"
          },
          "sensitive_attributes": [],
          "identity_schema_version": 0,
          "private": "eyJzY2hlbWFfdmVyc2lvbiI6IjEifQ=="
        }
      ]
    }
  ],
  "check_results": null
}
